// !$*UTF8*$!
{
	archiveVersion = 1;
	classes = {
	};
	objectVersion = 51;
	objects = {

/* Begin PBXBuildFile section */
		B24C09BD828F3DD1B4AFE0F7 /* Pods_RGBSliders.framework in Frameworks */ = {isa = PBXBuildFile; fileRef = E0BF04AC8DFECDBFFD002008 /* Pods_RGBSliders.framework */; };
		D81E66A726C7CFCF00B7AAF3 /* AppDelegate.swift in Sources */ = {isa = PBXBuildFile; fileRef = D81E66A626C7CFCF00B7AAF3 /* AppDelegate.swift */; };
		D81E66A926C7CFCF00B7AAF3 /* SceneDelegate.swift in Sources */ = {isa = PBXBuildFile; fileRef = D81E66A826C7CFCF00B7AAF3 /* SceneDelegate.swift */; };
		D81E66AB26C7CFCF00B7AAF3 /* ViewController.swift in Sources */ = {isa = PBXBuildFile; fileRef = D81E66AA26C7CFCF00B7AAF3 /* ViewController.swift */; };
		D81E66AE26C7CFCF00B7AAF3 /* Main.storyboard in Resources */ = {isa = PBXBuildFile; fileRef = D81E66AC26C7CFCF00B7AAF3 /* Main.storyboard */; };
		D81E66B026C7CFD300B7AAF3 /* Assets.xcassets in Resources */ = {isa = PBXBuildFile; fileRef = D81E66AF26C7CFD300B7AAF3 /* Assets.xcassets */; };
		D81E66B326C7CFD300B7AAF3 /* LaunchScreen.storyboard in Resources */ = {isa = PBXBuildFile; fileRef = D81E66B126C7CFD300B7AAF3 /* LaunchScreen.storyboard */; };
		D85BBC7726CB835B008DE930 /* ViewModel.swift in Sources */ = {isa = PBXBuildFile; fileRef = D85BBC7626CB835B008DE930 /* ViewModel.swift */; };
		D85BBC7926CB8650008DE930 /* UIColor+hex.swift in Sources */ = {isa = PBXBuildFile; fileRef = D85BBC7826CB8650008DE930 /* UIColor+hex.swift */; };
/* End PBXBuildFile section */

/* Begin PBXFileReference section */
		52FDE340B96CCD31AB413F2C /* Pods-RGBSliders.debug.xcconfig */ = {isa = PBXFileReference; includeInIndex = 1; lastKnownFileType = text.xcconfig; name = "Pods-RGBSliders.debug.xcconfig"; path = "Target Support Files/Pods-RGBSliders/Pods-RGBSliders.debug.xcconfig"; sourceTree = "<group>"; };
		5345FF7975A3C5ECF7D10094 /* Pods-RGBSliders.release.xcconfig */ = {isa = PBXFileReference; includeInIndex = 1; lastKnownFileType = text.xcconfig; name = "Pods-RGBSliders.release.xcconfig"; path = "Target Support Files/Pods-RGBSliders/Pods-RGBSliders.release.xcconfig"; sourceTree = "<group>"; };
		D81E66A326C7CFCF00B7AAF3 /* RGBSliders.app */ = {isa = PBXFileReference; explicitFileType = wrapper.application; includeInIndex = 0; path = RGBSliders.app; sourceTree = BUILT_PRODUCTS_DIR; };
		D81E66A626C7CFCF00B7AAF3 /* AppDelegate.swift */ = {isa = PBXFileReference; lastKnownFileType = sourcecode.swift; path = AppDelegate.swift; sourceTree = "<group>"; };
		D81E66A826C7CFCF00B7AAF3 /* SceneDelegate.swift */ = {isa = PBXFileReference; lastKnownFileType = sourcecode.swift; path = SceneDelegate.swift; sourceTree = "<group>"; };
		D81E66AA26C7CFCF00B7AAF3 /* ViewController.swift */ = {isa = PBXFileReference; lastKnownFileType = sourcecode.swift; path = ViewController.swift; sourceTree = "<group>"; };
		D81E66AD26C7CFCF00B7AAF3 /* Base */ = {isa = PBXFileReference; lastKnownFileType = file.storyboard; name = Base; path = Base.lproj/Main.storyboard; sourceTree = "<group>"; };
		D81E66AF26C7CFD300B7AAF3 /* Assets.xcassets */ = {isa = PBXFileReference; lastKnownFileType = folder.assetcatalog; path = Assets.xcassets; sourceTree = "<group>"; };
		D81E66B226C7CFD300B7AAF3 /* Base */ = {isa = PBXFileReference; lastKnownFileType = file.storyboard; name = Base; path = Base.lproj/LaunchScreen.storyboard; sourceTree = "<group>"; };
		D81E66B426C7CFD300B7AAF3 /* Info.plist */ = {isa = PBXFileReference; lastKnownFileType = text.plist.xml; path = Info.plist; sourceTree = "<group>"; };
		D85BBC7626CB835B008DE930 /* ViewModel.swift */ = {isa = PBXFileReference; lastKnownFileType = sourcecode.swift; path = ViewModel.swift; sourceTree = "<group>"; };
		D85BBC7826CB8650008DE930 /* UIColor+hex.swift */ = {isa = PBXFileReference; lastKnownFileType = sourcecode.swift; path = "UIColor+hex.swift"; sourceTree = "<group>"; };
		E0BF04AC8DFECDBFFD002008 /* Pods_RGBSliders.framework */ = {isa = PBXFileReference; explicitFileType = wrapper.framework; includeInIndex = 0; path = Pods_RGBSliders.framework; sourceTree = BUILT_PRODUCTS_DIR; };
/* End PBXFileReference section */

/* Begin PBXFrameworksBuildPhase section */
		D81E66A026C7CFCF00B7AAF3 /* Frameworks */ = {
			isa = PBXFrameworksBuildPhase;
			buildActionMask = 2147483647;
			files = (
				B24C09BD828F3DD1B4AFE0F7 /* Pods_RGBSliders.framework in Frameworks */,
			);
			runOnlyForDeploymentPostprocessing = 0;
		};
/* End PBXFrameworksBuildPhase section */

/* Begin PBXGroup section */
		6201D64A2C5B70E52C079209 /* Frameworks */ = {
			isa = PBXGroup;
			children = (
				E0BF04AC8DFECDBFFD002008 /* Pods_RGBSliders.framework */,
			);
			name = Frameworks;
			sourceTree = "<group>";
		};
		8B351A8E64CA9EB711CD4149 /* Pods */ = {
			isa = PBXGroup;
			children = (
				52FDE340B96CCD31AB413F2C /* Pods-RGBSliders.debug.xcconfig */,
				5345FF7975A3C5ECF7D10094 /* Pods-RGBSliders.release.xcconfig */,
			);
			path = Pods;
			sourceTree = "<group>";
		};
		D81E669A26C7CFCF00B7AAF3 = {
			isa = PBXGroup;
			children = (
				D81E66A526C7CFCF00B7AAF3 /* RGBSliders */,
				D81E66A426C7CFCF00B7AAF3 /* Products */,
				8B351A8E64CA9EB711CD4149 /* Pods */,
				6201D64A2C5B70E52C079209 /* Frameworks */,
			);
			sourceTree = "<group>";
		};
		D81E66A426C7CFCF00B7AAF3 /* Products */ = {
			isa = PBXGroup;
			children = (
				D81E66A326C7CFCF00B7AAF3 /* RGBSliders.app */,
			);
			name = Products;
			sourceTree = "<group>";
		};
		D81E66A526C7CFCF00B7AAF3 /* RGBSliders */ = {
			isa = PBXGroup;
			children = (
				D81E66A626C7CFCF00B7AAF3 /* AppDelegate.swift */,
				D81E66A826C7CFCF00B7AAF3 /* SceneDelegate.swift */,
				D81E66AA26C7CFCF00B7AAF3 /* ViewController.swift */,
				D85BBC7626CB835B008DE930 /* ViewModel.swift */,
				D85BBC7826CB8650008DE930 /* UIColor+hex.swift */,
				D81E66AC26C7CFCF00B7AAF3 /* Main.storyboard */,
				D81E66AF26C7CFD300B7AAF3 /* Assets.xcassets */,
				D81E66B126C7CFD300B7AAF3 /* LaunchScreen.storyboard */,
				D81E66B426C7CFD300B7AAF3 /* Info.plist */,
			);
			path = RGBSliders;
			sourceTree = "<group>";
		};
/* End PBXGroup section */

/* Begin PBXNativeTarget section */
		D81E66A226C7CFCF00B7AAF3 /* RGBSliders */ = {
			isa = PBXNativeTarget;
			buildConfigurationList = D81E66B726C7CFD300B7AAF3 /* Build configuration list for PBXNativeTarget "RGBSliders" */;
			buildPhases = (
				FCB4264B8D67E8778C9842F5 /* [CP] Check Pods Manifest.lock */,
				D81E669F26C7CFCF00B7AAF3 /* Sources */,
				D81E66A026C7CFCF00B7AAF3 /* Frameworks */,
				D81E66A126C7CFCF00B7AAF3 /* Resources */,
				B608D0867EDECCF8BEC59B32 /* [CP] Embed Pods Frameworks */,
			);
			buildRules = (
			);
			dependencies = (
			);
			name = RGBSliders;
			productName = RGBSliders;
			productReference = D81E66A326C7CFCF00B7AAF3 /* RGBSliders.app */;
			productType = "com.apple.product-type.application";
		};
/* End PBXNativeTarget section */

/* Begin PBXProject section */
		D81E669B26C7CFCF00B7AAF3 /* Project object */ = {
			isa = PBXProject;
			attributes = {
				LastSwiftUpdateCheck = 1250;
				LastUpgradeCheck = 1250;
				TargetAttributes = {
					D81E66A226C7CFCF00B7AAF3 = {
						CreatedOnToolsVersion = 12.5.1;
					};
				};
			};
			buildConfigurationList = D81E669E26C7CFCF00B7AAF3 /* Build configuration list for PBXProject "RGBSliders" */;
			compatibilityVersion = "Xcode 9.3";
			developmentRegion = en;
			hasScannedForEncodings = 0;
			knownRegions = (
				en,
				Base,
			);
			mainGroup = D81E669A26C7CFCF00B7AAF3;
			productRefGroup = D81E66A426C7CFCF00B7AAF3 /* Products */;
			projectDirPath = "";
			projectRoot = "";
			targets = (
				D81E66A226C7CFCF00B7AAF3 /* RGBSliders */,
			);
		};
/* End PBXProject section */

/* Begin PBXResourcesBuildPhase section */
		D81E66A126C7CFCF00B7AAF3 /* Resources */ = {
			isa = PBXResourcesBuildPhase;
			buildActionMask = 2147483647;
			files = (
				D81E66B326C7CFD300B7AAF3 /* LaunchScreen.storyboard in Resources */,
				D81E66B026C7CFD300B7AAF3 /* Assets.xcassets in Resources */,
				D81E66AE26C7CFCF00B7AAF3 /* Main.storyboard in Resources */,
			);
			runOnlyForDeploymentPostprocessing = 0;
		};
/* End PBXResourcesBuildPhase section */

/* Begin PBXShellScriptBuildPhase section */
		B608D0867EDECCF8BEC59B32 /* [CP] Embed Pods Frameworks */ = {
			isa = PBXShellScriptBuildPhase;
			buildActionMask = 2147483647;
			files = (
			);
			inputFileListPaths = (
				"${PODS_ROOT}/Target Support Files/Pods-RGBSliders/Pods-RGBSliders-frameworks-${CONFIGURATION}-input-files.xcfilelist",
			);
			name = "[CP] Embed Pods Frameworks";
			outputFileListPaths = (
				"${PODS_ROOT}/Target Support Files/Pods-RGBSliders/Pods-RGBSliders-frameworks-${CONFIGURATION}-output-files.xcfilelist",
			);
			runOnlyForDeploymentPostprocessing = 0;
			shellPath = /bin/sh;
			shellScript = "\"${PODS_ROOT}/Target Support Files/Pods-RGBSliders/Pods-RGBSliders-frameworks.sh\"\n";
			showEnvVarsInLog = 0;
		};
		FCB4264B8D67E8778C9842F5 /* [CP] Check Pods Manifest.lock */ = {
			isa = PBXShellScriptBuildPhase;
			buildActionMask = 2147483647;
			files = (
			);
			inputFileListPaths = (
			);
			inputPaths = (
				"${PODS_PODFILE_DIR_PATH}/Podfile.lock",
				"${PODS_ROOT}/Manifest.lock",
			);
			name = "[CP] Check Pods Manifest.lock";
			outputFileListPaths = (
			);
			outputPaths = (
				"$(DERIVED_FILE_DIR)/Pods-RGBSliders-checkManifestLockResult.txt",
			);
			runOnlyForDeploymentPostprocessing = 0;
			shellPath = /bin/sh;
			shellScript = "diff \"${PODS_PODFILE_DIR_PATH}/Podfile.lock\" \"${PODS_ROOT}/Manifest.lock\" > /dev/null\nif [ $? != 0 ] ; then\n    # print error to STDERR\n    echo \"error: The sandbox is not in sync with the Podfile.lock. Run 'pod install' or update your CocoaPods installation.\" >&2\n    exit 1\nfi\n# This output is used by Xcode 'outputs' to avoid re-running this script phase.\necho \"SUCCESS\" > \"${SCRIPT_OUTPUT_FILE_0}\"\n";
			showEnvVarsInLog = 0;
		};
/* End PBXShellScriptBuildPhase section */

/* Begin PBXSourcesBuildPhase section */
		D81E669F26C7CFCF00B7AAF3 /* Sources */ = {
			isa = PBXSourcesBuildPhase;
			buildActionMask = 2147483647;
			files = (
				D81E66AB26C7CFCF00B7AAF3 /* ViewController.swift in Sources */,
				D81E66A726C7CFCF00B7AAF3 /* AppDelegate.swift in Sources */,
				D85BBC7926CB8650008DE930 /* UIColor+hex.swift in Sources */,
				D85BBC7726CB835B008DE930 /* ViewModel.swift in Sources */,
				D81E66A926C7CFCF00B7AAF3 /* SceneDelegate.swift in Sources */,
			);
			runOnlyForDeploymentPostprocessing = 0;
		};
/* End PBXSourcesBuildPhase section */

/* Begin PBXVariantGroup section */
		D81E66AC26C7CFCF00B7AAF3 /* Main.storyboard */ = {
			isa = PBXVariantGroup;
			children = (
				D81E66AD26C7CFCF00B7AAF3 /* Base */,
			);
			name = Main.storyboard;
			sourceTree = "<group>";
		};
		D81E66B126C7CFD300B7AAF3 /* LaunchScreen.storyboard */ = {
			isa = PBXVariantGroup;
			children = (
				D81E66B226C7CFD300B7AAF3 /* Base */,
			);
			name = LaunchScreen.storyboard;
			sourceTree = "<group>";
		};
/* End PBXVariantGroup section */

/* Begin XCBuildConfiguration section */
		D81E66B526C7CFD300B7AAF3 /* Debug */ = {
			isa = XCBuildConfiguration;
			buildSettings = {
				ALWAYS_SEARCH_USER_PATHS = NO;
				CLANG_ANALYZER_NONNULL = YES;
				CLANG_ANALYZER_NUMBER_OBJECT_CONVERSION = YES_AGGRESSIVE;
				CLANG_CXX_LANGUAGE_STANDARD = "gnu++14";
				CLANG_CXX_LIBRARY = "libc++";
				CLANG_ENABLE_MODULES = YES;
				CLANG_ENABLE_OBJC_ARC = YES;
				CLANG_ENABLE_OBJC_WEAK = YES;
				CLANG_WARN_BLOCK_CAPTURE_AUTORELEASING = YES;
				CLANG_WARN_BOOL_CONVERSION = YES;
				CLANG_WARN_COMMA = YES;
				CLANG_WARN_CONSTANT_CONVERSION = YES;
				CLANG_WARN_DEPRECATED_OBJC_IMPLEMENTATIONS = YES;
				CLANG_WARN_DIRECT_OBJC_ISA_USAGE = YES_ERROR;
				CLANG_WARN_DOCUMENTATION_COMMENTS = YES;
				CLANG_WARN_EMPTY_BODY = YES;
				CLANG_WARN_ENUM_CONVERSION = YES;
				CLANG_WARN_INFINITE_RECURSION = YES;
				CLANG_WARN_INT_CONVERSION = YES;
				CLANG_WARN_NON_LITERAL_NULL_CONVERSION = YES;
				CLANG_WARN_OBJC_IMPLICIT_RETAIN_SELF = YES;
				CLANG_WARN_OBJC_LITERAL_CONVERSION = YES;
				CLANG_WARN_OBJC_ROOT_CLASS = YES_ERROR;
				CLANG_WARN_QUOTED_INCLUDE_IN_FRAMEWORK_HEADER = YES;
				CLANG_WARN_RANGE_LOOP_ANALYSIS = YES;
				CLANG_WARN_STRICT_PROTOTYPES = YES;
				CLANG_WARN_SUSPICIOUS_MOVE = YES;
				CLANG_WARN_UNGUARDED_AVAILABILITY = YES_AGGRESSIVE;
				CLANG_WARN_UNREACHABLE_CODE = YES;
				CLANG_WARN__DUPLICATE_METHOD_MATCH = YES;
				COPY_PHASE_STRIP = NO;
				DEBUG_INFORMATION_FORMAT = dwarf;
				ENABLE_STRICT_OBJC_MSGSEND = YES;
				ENABLE_TESTABILITY = YES;
				GCC_C_LANGUAGE_STANDARD = gnu11;
				GCC_DYNAMIC_NO_PIC = NO;
				GCC_NO_COMMON_BLOCKS = YES;
				GCC_OPTIMIZATION_LEVEL = 0;
				GCC_PREPROCESSOR_DEFINITIONS = (
					"DEBUG=1",
					"$(inherited)",
				);
				GCC_WARN_64_TO_32_BIT_CONVERSION = YES;
				GCC_WARN_ABOUT_RETURN_TYPE = YES_ERROR;
				GCC_WARN_UNDECLARED_SELECTOR = YES;
				GCC_WARN_UNINITIALIZED_AUTOS = YES_AGGRESSIVE;
				GCC_WARN_UNUSED_FUNCTION = YES;
				GCC_WARN_UNUSED_VARIABLE = YES;
				IPHONEOS_DEPLOYMENT_TARGET = 14.5;
				MTL_ENABLE_DEBUG_INFO = INCLUDE_SOURCE;
				MTL_FAST_MATH = YES;
				ONLY_ACTIVE_ARCH = YES;
				SDKROOT = iphoneos;
				SWIFT_ACTIVE_COMPILATION_CONDITIONS = DEBUG;
				SWIFT_OPTIMIZATION_LEVEL = "-Onone";
			};
			name = Debug;
		};
		D81E66B626C7CFD300B7AAF3 /* Release */ = {
			isa = XCBuildConfiguration;
			buildSettings = {
				ALWAYS_SEARCH_USER_PATHS = NO;
				CLANG_ANALYZER_NONNULL = YES;
				CLANG_ANALYZER_NUMBER_OBJECT_CONVERSION = YES_AGGRESSIVE;
				CLANG_CXX_LANGUAGE_STANDARD = "gnu++14";
				CLANG_CXX_LIBRARY = "libc++";
				CLANG_ENABLE_MODULES = YES;
				CLANG_ENABLE_OBJC_ARC = YES;
				CLANG_ENABLE_OBJC_WEAK = YES;
				CLANG_WARN_BLOCK_CAPTURE_AUTORELEASING = YES;
				CLANG_WARN_BOOL_CONVERSION = YES;
				CLANG_WARN_COMMA = YES;
				CLANG_WARN_CONSTANT_CONVERSION = YES;
				CLANG_WARN_DEPRECATED_OBJC_IMPLEMENTATIONS = YES;
				CLANG_WARN_DIRECT_OBJC_ISA_USAGE = YES_ERROR;
				CLANG_WARN_DOCUMENTATION_COMMENTS = YES;
				CLANG_WARN_EMPTY_BODY = YES;
				CLANG_WARN_ENUM_CONVERSION = YES;
				CLANG_WARN_INFINITE_RECURSION = YES;
				CLANG_WARN_INT_CONVERSION = YES;
				CLANG_WARN_NON_LITERAL_NULL_CONVERSION = YES;
				CLANG_WARN_OBJC_IMPLICIT_RETAIN_SELF = YES;
				CLANG_WARN_OBJC_LITERAL_CONVERSION = YES;
				CLANG_WARN_OBJC_ROOT_CLASS = YES_ERROR;
				CLANG_WARN_QUOTED_INCLUDE_IN_FRAMEWORK_HEADER = YES;
				CLANG_WARN_RANGE_LOOP_ANALYSIS = YES;
				CLANG_WARN_STRICT_PROTOTYPES = YES;
				CLANG_WARN_SUSPICIOUS_MOVE = YES;
				CLANG_WARN_UNGUARDED_AVAILABILITY = YES_AGGRESSIVE;
				CLANG_WARN_UNREACHABLE_CODE = YES;
				CLANG_WARN__DUPLICATE_METHOD_MATCH = YES;
				COPY_PHASE_STRIP = NO;
				DEBUG_INFORMATION_FORMAT = "dwarf-with-dsym";
				ENABLE_NS_ASSERTIONS = NO;
				ENABLE_STRICT_OBJC_MSGSEND = YES;
				GCC_C_LANGUAGE_STANDARD = gnu11;
				GCC_NO_COMMON_BLOCKS = YES;
				GCC_WARN_64_TO_32_BIT_CONVERSION = YES;
				GCC_WARN_ABOUT_RETURN_TYPE = YES_ERROR;
				GCC_WARN_UNDECLARED_SELECTOR = YES;
				GCC_WARN_UNINITIALIZED_AUTOS = YES_AGGRESSIVE;
				GCC_WARN_UNUSED_FUNCTION = YES;
				GCC_WARN_UNUSED_VARIABLE = YES;
				IPHONEOS_DEPLOYMENT_TARGET = 14.5;
				MTL_ENABLE_DEBUG_INFO = NO;
				MTL_FAST_MATH = YES;
				SDKROOT = iphoneos;
				SWIFT_COMPILATION_MODE = wholemodule;
				SWIFT_OPTIMIZATION_LEVEL = "-O";
				VALIDATE_PRODUCT = YES;
			};
			name = Release;
		};
		D81E66B826C7CFD300B7AAF3 /* Debug */ = {
			isa = XCBuildConfiguration;
			baseConfigurationReference = 52FDE340B96CCD31AB413F2C /* Pods-RGBSliders.debug.xcconfig */;
			buildSettings = {
				ASSETCATALOG_COMPILER_APPICON_NAME = AppIcon;
				ASSETCATALOG_COMPILER_GLOBAL_ACCENT_COLOR_NAME = AccentColor;
				CODE_SIGN_STYLE = Automatic;
				DEVELOPMENT_TEAM = PH7H3K3AG6;
				INFOPLIST_FILE = RGBSliders/Info.plist;
				LD_RUNPATH_SEARCH_PATHS = (
					"$(inherited)",
					"@executable_path/Frameworks",
				);
				PRODUCT_BUNDLE_IDENTIFIER = com.ohvamrrr.RGBSliders;
				PRODUCT_NAME = "$(TARGET_NAME)";
				SWIFT_VERSION = 5.0;
				TARGETED_DEVICE_FAMILY = "1,2";
			};
			name = Debug;
		};
		D81E66B926C7CFD300B7AAF3 /* Release */ = {
			isa = XCBuildConfiguration;
			baseConfigurationReference = 5345FF7975A3C5ECF7D10094 /* Pods-RGBSliders.release.xcconfig */;
			buildSettings = {
				ASSETCATALOG_COMPILER_APPICON_NAME = AppIcon;
				ASSETCATALOG_COMPILER_GLOBAL_ACCENT_COLOR_NAME = AccentColor;
				CODE_SIGN_STYLE = Automatic;
				DEVELOPMENT_TEAM = PH7H3K3AG6;
				INFOPLIST_FILE = RGBSliders/Info.plist;
				LD_RUNPATH_SEARCH_PATHS = (
					"$(inherited)",
					"@executable_path/Frameworks",
				);
				PRODUCT_BUNDLE_IDENTIFIER = com.ohvamrrr.RGBSliders;
				PRODUCT_NAME = "$(TARGET_NAME)";
				SWIFT_VERSION = 5.0;
				TARGETED_DEVICE_FAMILY = "1,2";
			};
			name = Release;
		};
/* End XCBuildConfiguration section */

/* Begin XCConfigurationList section */
		D81E669E26C7CFCF00B7AAF3 /* Build configuration list for PBXProject "RGBSliders" */ = {
			isa = XCConfigurationList;
			buildConfigurations = (
				D81E66B526C7CFD300B7AAF3 /* Debug */,
				D81E66B626C7CFD300B7AAF3 /* Release */,
			);
			defaultConfigurationIsVisible = 0;
			defaultConfigurationName = Release;
		};
		D81E66B726C7CFD300B7AAF3 /* Build configuration list for PBXNativeTarget "RGBSliders" */ = {
			isa = XCConfigurationList;
			buildConfigurations = (
				D81E66B826C7CFD300B7AAF3 /* Debug */,
				D81E66B926C7CFD300B7AAF3 /* Release */,
			);
			defaultConfigurationIsVisible = 0;
			defaultConfigurationName = Release;
		};
/* End XCConfigurationList section */
	};
	rootObject = D81E669B26C7CFCF00B7AAF3 /* Project object */;
}
